
Microsoft Visual Studio Solution File, Format Version 11.00
# Visual Studio 2010
Project("{FAE04EC0-301F-11D3-BF4B-00C04F79EFBC}") = "02a-Hallo1", "Hallo1\02a-Hallo1.csproj", "{D0C693BC-CF2D-4200-B9E3-4376028905A1}"
EndProject
Project("{FAE04EC0-301F-11D3-BF4B-00C04F79EFBC}") = "02b-Hallo2", "Hallo2\02b-Hallo2.csproj", "{4DB875E3-E90F-45D6-ACAE-C48A149D3D56}"
EndProject
Project("{FAE04EC0-301F-11D3-BF4B-00C04F79EFBC}") = "02c-HalloWin1", "HalloWin1\02c-HalloWin1.csproj", "{86006A03-7F33-496B-88E1-9EFC9AF75AA0}"
EndProject
Project("{FAE04EC0-301F-11D3-BF4B-00C04F79EFBC}") = "02d-HalloWin2", "HalloWin2\02d-HalloWin2.csproj", "{590F04BD-599D-4F92-A0BC-3CE3C6D62AC4}"
EndProject
Project("{FAE04EC0-301F-11D3-BF4B-00C04F79EFBC}") = "02e-HalloWin3", "HalloWin3\02e-HalloWin3.csproj", "{A782F419-5C1C-4D5A-843E-7E0722BC703F}"
EndProject
Project("{FAE04EC0-301F-11D3-BF4B-00C04F79EFBC}") = "03a-Mondriaan", "Mondriaan\03a-Mondriaan.csproj", "{79787BDF-7417-4524-A78C-E330AF583180}"
EndProject
Project("{FAE04EC0-301F-11D3-BF4B-00C04F79EFBC}") = "03b-Huizen", "Huizen\03b-Huizen.csproj", "{3929DC02-84CF-44A8-8D64-C6DDF4D32E93}"
EndProject
Project("{FAE04EC0-301F-11D3-BF4B-00C04F79EFBC}") = "04a-CopyDemo", "CopyDemo\04a-CopyDemo.csproj", "{9A9E5472-461A-4725-9C96-7B26330D31F3}"
EndProject
Project("{FAE04EC0-301F-11D3-BF4B-00C04F79EFBC}") = "05a-CirkelCalc", "CirkelCalc\05a-CirkelCalc.csproj", "{046BB1F4-06FE-417E-B70B-F348D80542C1}"
EndProject
Project("{FAE04EC0-301F-11D3-BF4B-00C04F79EFBC}") = "05b-Mixer", "Mixer\05b-Mixer.csproj", "{AD6A2E57-6C5F-4D47-B0BB-4C551C655F4A}"
EndProject
Project("{FAE04EC0-301F-11D3-BF4B-00C04F79EFBC}") = "06a-Rente", "Rente\06a-Rente.csproj", "{2B6DE1B1-65E5-4448-AFEF-16A4A78915BB}"
EndProject
Project("{FAE04EC0-301F-11D3-BF4B-00C04F79EFBC}") = "07a-CirkelGroei", "CirkelGroei\07a-CirkelGroei.csproj", "{C230940A-9DC4-4099-B711-1D828D4A9599}"
EndProject
Project("{FAE04EC0-301F-11D3-BF4B-00C04F79EFBC}") = "07b-Geheim", "Geheim\07b-Geheim.csproj", "{B9C9F706-372C-47C6-8209-4430610784F8}"
EndProject
Project("{FAE04EC0-301F-11D3-BF4B-00C04F79EFBC}") = "07c-Thermo", "Thermo\07c-Thermo.csproj", "{350716A5-43B1-4102-A958-FE19A67F4E73}"
EndProject
Project("{FAE04EC0-301F-11D3-BF4B-00C04F79EFBC}") = "07d-Parabool", "Parabool\07d-Parabool.csproj", "{6A4B022C-83D7-4111-BEB2-9AF734083290}"
EndProject
Project("{FAE04EC0-301F-11D3-BF4B-00C04F79EFBC}") = "08a-Simulatie", "Simulatie\08a-Simulatie.csproj", "{4E18D0DF-6986-4CB2-8A97-B4213DF7D53E}"
EndProject
Project("{FAE04EC0-301F-11D3-BF4B-00C04F79EFBC}") = "09a-CirkelKlikker", "CirkelKlikker\09a-CirkelKlikker.csproj", "{97542581-1BC1-4BAC-A83A-50965CAFA996}"
EndProject
Project("{FAE04EC0-301F-11D3-BF4B-00C04F79EFBC}") = "09b-LetterTeller", "LetterTeller\09b-LetterTeller.csproj", "{9E3011E4-5C4F-41CB-AE20-4D52082EA2B6}"
EndProject
Project("{FAE04EC0-301F-11D3-BF4B-00C04F79EFBC}") = "10a-BitmapEditor", "BitmapEditor\10a-BitmapEditor.csproj", "{31AAA010-05BA-4029-BD76-6F21C5AA8F84}"
EndProject
Project("{FAE04EC0-301F-11D3-BF4B-00C04F79EFBC}") = "10b-Calculator", "Calculator\10b-Calculator.csproj", "{B88B372C-D14F-4C2B-8AE5-72B95A8EBFFE}"
EndProject
Project("{FAE04EC0-301F-11D3-BF4B-00C04F79EFBC}") = "10c-TekstEditor", "TekstEditor\10c-TekstEditor.csproj", "{BDB48FD5-1676-4140-BA1E-FED1E1CEAB0B}"
EndProject
Project("{FAE04EC0-301F-11D3-BF4B-00C04F79EFBC}") = "10d-EncodingSpy", "EncodingSpy\10d-EncodingSpy.csproj", "{86C52B83-3B90-4A8F-B256-EB2475C801D0}"
EndProject
Project("{FAE04EC0-301F-11D3-BF4B-00C04F79EFBC}") = "10e-ListDemo", "ListDemo\10e-ListDemo.csproj", "{FA8DB572-616C-41A0-8D6D-B96F13A45825}"
EndProject
Project("{FAE04EC0-301F-11D3-BF4B-00C04F79EFBC}") = "10f-CollectionDemo", "CollectionDemo\10f-CollectionDemo.csproj", "{EEDFF790-4D28-414B-8200-A221E18F07A6}"
EndProject
Project("{FAE04EC0-301F-11D3-BF4B-00C04F79EFBC}") = "10g-SchetsEditor", "SchetsEditor\10g-SchetsEditor.csproj", "{8F81CD5E-F6A9-41CE-8E37-20C7280949E4}"
EndProject
Project("{FAE04EC0-301F-11D3-BF4B-00C04F79EFBC}") = "11a-Grep", "Grep\11a-Grep.csproj", "{C0E79220-85BE-4815-97DB-F745683FC9E0}"
EndProject
Project("{FAE04EC0-301F-11D3-BF4B-00C04F79EFBC}") = "11b-Taalherkenning", "Taalherkenning\11b-Taalherkenning.csproj", "{3F974001-EFCB-4D7C-9473-8B686C4BA13A}"
EndProject
Project("{FAE04EC0-301F-11D3-BF4B-00C04F79EFBC}") = "11c-RouteZoeker", "RouteZoeker\11c-RouteZoeker.csproj", "{C9868019-B412-43E7-8AAE-C5D9867A7FFF}"
EndProject
Global
	GlobalSection(SolutionConfigurationPlatforms) = preSolution
		Debug|x86 = Debug|x86
		Release|x86 = Release|x86
	EndGlobalSection
	GlobalSection(ProjectConfigurationPlatforms) = postSolution
		{D0C693BC-CF2D-4200-B9E3-4376028905A1}.Debug|x86.ActiveCfg = Debug|x86
		{D0C693BC-CF2D-4200-B9E3-4376028905A1}.Debug|x86.Build.0 = Debug|x86
		{D0C693BC-CF2D-4200-B9E3-4376028905A1}.Release|x86.ActiveCfg = Release|x86
		{D0C693BC-CF2D-4200-B9E3-4376028905A1}.Release|x86.Build.0 = Release|x86
		{4DB875E3-E90F-45D6-ACAE-C48A149D3D56}.Debug|x86.ActiveCfg = Debug|x86
		{4DB875E3-E90F-45D6-ACAE-C48A149D3D56}.Debug|x86.Build.0 = Debug|x86
		{4DB875E3-E90F-45D6-ACAE-C48A149D3D56}.Release|x86.ActiveCfg = Release|x86
		{4DB875E3-E90F-45D6-ACAE-C48A149D3D56}.Release|x86.Build.0 = Release|x86
		{86006A03-7F33-496B-88E1-9EFC9AF75AA0}.Debug|x86.ActiveCfg = Debug|x86
		{86006A03-7F33-496B-88E1-9EFC9AF75AA0}.Debug|x86.Build.0 = Debug|x86
		{86006A03-7F33-496B-88E1-9EFC9AF75AA0}.Release|x86.ActiveCfg = Release|x86
		{86006A03-7F33-496B-88E1-9EFC9AF75AA0}.Release|x86.Build.0 = Release|x86
		{590F04BD-599D-4F92-A0BC-3CE3C6D62AC4}.Debug|x86.ActiveCfg = Debug|x86
		{590F04BD-599D-4F92-A0BC-3CE3C6D62AC4}.Debug|x86.Build.0 = Debug|x86
		{590F04BD-599D-4F92-A0BC-3CE3C6D62AC4}.Release|x86.ActiveCfg = Release|x86
		{590F04BD-599D-4F92-A0BC-3CE3C6D62AC4}.Release|x86.Build.0 = Release|x86
		{A782F419-5C1C-4D5A-843E-7E0722BC703F}.Debug|x86.ActiveCfg = Debug|x86
		{A782F419-5C1C-4D5A-843E-7E0722BC703F}.Debug|x86.Build.0 = Debug|x86
		{A782F419-5C1C-4D5A-843E-7E0722BC703F}.Release|x86.ActiveCfg = Release|x86
		{A782F419-5C1C-4D5A-843E-7E0722BC703F}.Release|x86.Build.0 = Release|x86
		{79787BDF-7417-4524-A78C-E330AF583180}.Debug|x86.ActiveCfg = Debug|x86
		{79787BDF-7417-4524-A78C-E330AF583180}.Debug|x86.Build.0 = Debug|x86
		{79787BDF-7417-4524-A78C-E330AF583180}.Release|x86.ActiveCfg = Release|x86
		{79787BDF-7417-4524-A78C-E330AF583180}.Release|x86.Build.0 = Release|x86
		{3929DC02-84CF-44A8-8D64-C6DDF4D32E93}.Debug|x86.ActiveCfg = Debug|x86
		{3929DC02-84CF-44A8-8D64-C6DDF4D32E93}.Debug|x86.Build.0 = Debug|x86
		{3929DC02-84CF-44A8-8D64-C6DDF4D32E93}.Release|x86.ActiveCfg = Release|x86
		{3929DC02-84CF-44A8-8D64-C6DDF4D32E93}.Release|x86.Build.0 = Release|x86
		{9A9E5472-461A-4725-9C96-7B26330D31F3}.Debug|x86.ActiveCfg = Debug|x86
		{9A9E5472-461A-4725-9C96-7B26330D31F3}.Debug|x86.Build.0 = Debug|x86
		{9A9E5472-461A-4725-9C96-7B26330D31F3}.Release|x86.ActiveCfg = Release|x86
		{9A9E5472-461A-4725-9C96-7B26330D31F3}.Release|x86.Build.0 = Release|x86
		{046BB1F4-06FE-417E-B70B-F348D80542C1}.Debug|x86.ActiveCfg = Debug|x86
		{046BB1F4-06FE-417E-B70B-F348D80542C1}.Debug|x86.Build.0 = Debug|x86
		{046BB1F4-06FE-417E-B70B-F348D80542C1}.Release|x86.ActiveCfg = Release|x86
		{046BB1F4-06FE-417E-B70B-F348D80542C1}.Release|x86.Build.0 = Release|x86
		{AD6A2E57-6C5F-4D47-B0BB-4C551C655F4A}.Debug|x86.ActiveCfg = Debug|x86
		{AD6A2E57-6C5F-4D47-B0BB-4C551C655F4A}.Debug|x86.Build.0 = Debug|x86
		{AD6A2E57-6C5F-4D47-B0BB-4C551C655F4A}.Release|x86.ActiveCfg = Release|x86
		{AD6A2E57-6C5F-4D47-B0BB-4C551C655F4A}.Release|x86.Build.0 = Release|x86
		{2B6DE1B1-65E5-4448-AFEF-16A4A78915BB}.Debug|x86.ActiveCfg = Debug|x86
		{2B6DE1B1-65E5-4448-AFEF-16A4A78915BB}.Debug|x86.Build.0 = Debug|x86
		{2B6DE1B1-65E5-4448-AFEF-16A4A78915BB}.Release|x86.ActiveCfg = Release|x86
		{2B6DE1B1-65E5-4448-AFEF-16A4A78915BB}.Release|x86.Build.0 = Release|x86
		{C230940A-9DC4-4099-B711-1D828D4A9599}.Debug|x86.ActiveCfg = Debug|x86
		{C230940A-9DC4-4099-B711-1D828D4A9599}.Debug|x86.Build.0 = Debug|x86
		{C230940A-9DC4-4099-B711-1D828D4A9599}.Release|x86.ActiveCfg = Release|x86
		{C230940A-9DC4-4099-B711-1D828D4A9599}.Release|x86.Build.0 = Release|x86
		{B9C9F706-372C-47C6-8209-4430610784F8}.Debug|x86.ActiveCfg = Debug|x86
		{B9C9F706-372C-47C6-8209-4430610784F8}.Debug|x86.Build.0 = Debug|x86
		{B9C9F706-372C-47C6-8209-4430610784F8}.Release|x86.ActiveCfg = Release|x86
		{B9C9F706-372C-47C6-8209-4430610784F8}.Release|x86.Build.0 = Release|x86
		{350716A5-43B1-4102-A958-FE19A67F4E73}.Debug|x86.ActiveCfg = Debug|x86
		{350716A5-43B1-4102-A958-FE19A67F4E73}.Debug|x86.Build.0 = Debug|x86
		{350716A5-43B1-4102-A958-FE19A67F4E73}.Release|x86.ActiveCfg = Release|x86
		{350716A5-43B1-4102-A958-FE19A67F4E73}.Release|x86.Build.0 = Release|x86
		{6A4B022C-83D7-4111-BEB2-9AF734083290}.Debug|x86.ActiveCfg = Debug|x86
		{6A4B022C-83D7-4111-BEB2-9AF734083290}.Debug|x86.Build.0 = Debug|x86
		{6A4B022C-83D7-4111-BEB2-9AF734083290}.Release|x86.ActiveCfg = Release|x86
		{6A4B022C-83D7-4111-BEB2-9AF734083290}.Release|x86.Build.0 = Release|x86
		{4E18D0DF-6986-4CB2-8A97-B4213DF7D53E}.Debug|x86.ActiveCfg = Debug|x86
		{4E18D0DF-6986-4CB2-8A97-B4213DF7D53E}.Debug|x86.Build.0 = Debug|x86
		{4E18D0DF-6986-4CB2-8A97-B4213DF7D53E}.Release|x86.ActiveCfg = Release|x86
		{4E18D0DF-6986-4CB2-8A97-B4213DF7D53E}.Release|x86.Build.0 = Release|x86
		{97542581-1BC1-4BAC-A83A-50965CAFA996}.Debug|x86.ActiveCfg = Debug|x86
		{97542581-1BC1-4BAC-A83A-50965CAFA996}.Debug|x86.Build.0 = Debug|x86
		{97542581-1BC1-4BAC-A83A-50965CAFA996}.Release|x86.ActiveCfg = Release|x86
		{97542581-1BC1-4BAC-A83A-50965CAFA996}.Release|x86.Build.0 = Release|x86
		{9E3011E4-5C4F-41CB-AE20-4D52082EA2B6}.Debug|x86.ActiveCfg = Debug|x86
		{9E3011E4-5C4F-41CB-AE20-4D52082EA2B6}.Debug|x86.Build.0 = Debug|x86
		{9E3011E4-5C4F-41CB-AE20-4D52082EA2B6}.Release|x86.ActiveCfg = Release|x86
		{9E3011E4-5C4F-41CB-AE20-4D52082EA2B6}.Release|x86.Build.0 = Release|x86
		{31AAA010-05BA-4029-BD76-6F21C5AA8F84}.Debug|x86.ActiveCfg = Debug|x86
		{31AAA010-05BA-4029-BD76-6F21C5AA8F84}.Debug|x86.Build.0 = Debug|x86
		{31AAA010-05BA-4029-BD76-6F21C5AA8F84}.Release|x86.ActiveCfg = Release|x86
		{31AAA010-05BA-4029-BD76-6F21C5AA8F84}.Release|x86.Build.0 = Release|x86
		{B88B372C-D14F-4C2B-8AE5-72B95A8EBFFE}.Debug|x86.ActiveCfg = Debug|x86
		{B88B372C-D14F-4C2B-8AE5-72B95A8EBFFE}.Debug|x86.Build.0 = Debug|x86
		{B88B372C-D14F-4C2B-8AE5-72B95A8EBFFE}.Release|x86.ActiveCfg = Release|x86
		{B88B372C-D14F-4C2B-8AE5-72B95A8EBFFE}.Release|x86.Build.0 = Release|x86
		{BDB48FD5-1676-4140-BA1E-FED1E1CEAB0B}.Debug|x86.ActiveCfg = Debug|x86
		{BDB48FD5-1676-4140-BA1E-FED1E1CEAB0B}.Debug|x86.Build.0 = Debug|x86
		{BDB48FD5-1676-4140-BA1E-FED1E1CEAB0B}.Release|x86.ActiveCfg = Release|x86
		{BDB48FD5-1676-4140-BA1E-FED1E1CEAB0B}.Release|x86.Build.0 = Release|x86
		{86C52B83-3B90-4A8F-B256-EB2475C801D0}.Debug|x86.ActiveCfg = Debug|x86
		{86C52B83-3B90-4A8F-B256-EB2475C801D0}.Debug|x86.Build.0 = Debug|x86
		{86C52B83-3B90-4A8F-B256-EB2475C801D0}.Release|x86.ActiveCfg = Release|x86
		{86C52B83-3B90-4A8F-B256-EB2475C801D0}.Release|x86.Build.0 = Release|x86
		{FA8DB572-616C-41A0-8D6D-B96F13A45825}.Debug|x86.ActiveCfg = Debug|x86
		{FA8DB572-616C-41A0-8D6D-B96F13A45825}.Debug|x86.Build.0 = Debug|x86
		{FA8DB572-616C-41A0-8D6D-B96F13A45825}.Release|x86.ActiveCfg = Release|x86
		{FA8DB572-616C-41A0-8D6D-B96F13A45825}.Release|x86.Build.0 = Release|x86
		{EEDFF790-4D28-414B-8200-A221E18F07A6}.Debug|x86.ActiveCfg = Debug|x86
		{EEDFF790-4D28-414B-8200-A221E18F07A6}.Debug|x86.Build.0 = Debug|x86
		{EEDFF790-4D28-414B-8200-A221E18F07A6}.Release|x86.ActiveCfg = Release|x86
		{EEDFF790-4D28-414B-8200-A221E18F07A6}.Release|x86.Build.0 = Release|x86
		{8F81CD5E-F6A9-41CE-8E37-20C7280949E4}.Debug|x86.ActiveCfg = Debug|x86
		{8F81CD5E-F6A9-41CE-8E37-20C7280949E4}.Debug|x86.Build.0 = Debug|x86
		{8F81CD5E-F6A9-41CE-8E37-20C7280949E4}.Release|x86.ActiveCfg = Release|x86
		{8F81CD5E-F6A9-41CE-8E37-20C7280949E4}.Release|x86.Build.0 = Release|x86
		{C0E79220-85BE-4815-97DB-F745683FC9E0}.Debug|x86.ActiveCfg = Debug|x86
		{C0E79220-85BE-4815-97DB-F745683FC9E0}.Debug|x86.Build.0 = Debug|x86
		{C0E79220-85BE-4815-97DB-F745683FC9E0}.Release|x86.ActiveCfg = Release|x86
		{C0E79220-85BE-4815-97DB-F745683FC9E0}.Release|x86.Build.0 = Release|x86
		{3F974001-EFCB-4D7C-9473-8B686C4BA13A}.Debug|x86.ActiveCfg = Debug|x86
		{3F974001-EFCB-4D7C-9473-8B686C4BA13A}.Debug|x86.Build.0 = Debug|x86
		{3F974001-EFCB-4D7C-9473-8B686C4BA13A}.Release|x86.ActiveCfg = Release|x86
		{3F974001-EFCB-4D7C-9473-8B686C4BA13A}.Release|x86.Build.0 = Release|x86
		{C9868019-B412-43E7-8AAE-C5D9867A7FFF}.Debug|x86.ActiveCfg = Debug|x86
		{C9868019-B412-43E7-8AAE-C5D9867A7FFF}.Debug|x86.Build.0 = Debug|x86
		{C9868019-B412-43E7-8AAE-C5D9867A7FFF}.Release|x86.ActiveCfg = Release|x86
		{C9868019-B412-43E7-8AAE-C5D9867A7FFF}.Release|x86.Build.0 = Release|x86
	EndGlobalSection
	GlobalSection(SolutionProperties) = preSolution
		HideSolutionNode = FALSE
	EndGlobalSection
EndGlobal
